{
  "version": 4,
  "terraform_version": "1.10.0",
  "serial": 23,
  "lineage": "473b5ec2-f396-8f74-25b4-8dc528c088c9",
  "outputs": {},
  "resources": [
    {
      "module": "module.connect_script",
      "mode": "managed",
      "type": "local_file",
      "name": "connect_vars",
      "provider": "provider[\"registry.terraform.io/hashicorp/local\"]",
      "instances": [
        {
          "schema_version": 0,
          "attributes": {
            "content": "  private_key_file=\"./acit_4640_lab_13.pem\"\n  ansible_user=\"ubuntu\"\n\n  \n  lab13_w01=\"ec2-44-245-6-136.us-west-2.compute.amazonaws.com\"\n  alias ssh_lab13_w01=\"ssh -i ./acit_4640_lab_13.pem -o StrictHostKeyChecking=no -o \\\"UserKnownHostsFile=/dev/null\\\" ubuntu@ec2-44-245-6-136.us-west-2.compute.amazonaws.com\"\n  \n  lab13_b01=\"ec2-35-91-88-199.us-west-2.compute.amazonaws.com\"\n  alias ssh_lab13_b01=\"ssh -i ./acit_4640_lab_13.pem -o StrictHostKeyChecking=no -o \\\"UserKnownHostsFile=/dev/null\\\" ubuntu@ec2-35-91-88-199.us-west-2.compute.amazonaws.com\"\n  ",
            "content_base64": null,
            "content_base64sha256": "SDAHaiPuHzkYDPZ5Or8BbPheWPh7p7bvw3A771CYji4=",
            "content_base64sha512": "g6y4JvPGZEd/RdJ6uGAEgw6FLOdL/vYm8y4XdP+ANieVVwAZDsi6ZtF+eRdPjRctoW5GD2YkgBrECayFnn5W7w==",
            "content_md5": "91439cb755d237162e4a5da9b36ff1fd",
            "content_sha1": "c43d863803eae869b5e1d04e84c63cb1763fb8f0",
            "content_sha256": "4830076a23ee1f39180cf6793abf016cf85e58f87ba7b6efc3703bef50988e2e",
            "content_sha512": "83acb826f3c664477f45d27ab86004830e852ce74bfef626f32e1774ff803627955700190ec8ba66d17e79174f8d172da16e460f6624801ac409ac859e7e56ef",
            "directory_permission": "0777",
            "file_permission": "0777",
            "filename": "./connect_vars.sh",
            "id": "c43d863803eae869b5e1d04e84c63cb1763fb8f0",
            "sensitive_content": null,
            "source": null
          },
          "sensitive_attributes": [
            [
              {
                "type": "get_attr",
                "value": "sensitive_content"
              }
            ]
          ],
          "dependencies": [
            "module.ec2_config.aws_instance.instance1",
            "module.ec2_config.aws_instance.instance2",
            "module.network.aws_security_group.main",
            "module.network.aws_subnet.subnet1",
            "module.network.aws_subnet.subnet2",
            "module.network.aws_vpc.main",
            "module.ssh_key.aws_key_pair.main",
            "module.ssh_key.terraform_data.key_pair",
            "module.ssh_key.tls_private_key.main"
          ]
        }
      ]
    },
    {
      "module": "module.dns_dhcp",
      "mode": "managed",
      "type": "aws_route53_record",
      "name": "instance1",
      "provider": "provider[\"registry.terraform.io/hashicorp/aws\"]",
      "instances": [
        {
          "schema_version": 2,
          "attributes": {
            "alias": [],
            "allow_overwrite": null,
            "cidr_routing_policy": [],
            "failover_routing_policy": [],
            "fqdn": "lab13_w01.lab13.internal",
            "geolocation_routing_policy": [],
            "geoproximity_routing_policy": [],
            "health_check_id": "",
            "id": "Z045776711OGGC3HCBN7G_lab13_w01.lab13.internal_A",
            "latency_routing_policy": [],
            "multivalue_answer_routing_policy": false,
            "name": "lab13_w01.lab13.internal",
            "records": [
              "10.0.1.254"
            ],
            "set_identifier": "",
            "ttl": 300,
            "type": "A",
            "weighted_routing_policy": [],
            "zone_id": "Z045776711OGGC3HCBN7G"
          },
          "sensitive_attributes": [],
          "private": "eyJzY2hlbWFfdmVyc2lvbiI6IjIifQ==",
          "dependencies": [
            "module.dns_dhcp.aws_route53_zone.main",
            "module.ec2_config.aws_instance.instance1",
            "module.network.aws_security_group.main",
            "module.network.aws_subnet.subnet1",
            "module.network.aws_vpc.main",
            "module.ssh_key.aws_key_pair.main",
            "module.ssh_key.terraform_data.key_pair",
            "module.ssh_key.tls_private_key.main"
          ]
        }
      ]
    },
    {
      "module": "module.dns_dhcp",
      "mode": "managed",
      "type": "aws_route53_record",
      "name": "instance2",
      "provider": "provider[\"registry.terraform.io/hashicorp/aws\"]",
      "instances": [
        {
          "schema_version": 2,
          "attributes": {
            "alias": [],
            "allow_overwrite": null,
            "cidr_routing_policy": [],
            "failover_routing_policy": [],
            "fqdn": "lab13_b01.lab13.internal",
            "geolocation_routing_policy": [],
            "geoproximity_routing_policy": [],
            "health_check_id": "",
            "id": "Z045776711OGGC3HCBN7G_lab13_b01.lab13.internal_A",
            "latency_routing_policy": [],
            "multivalue_answer_routing_policy": false,
            "name": "lab13_b01.lab13.internal",
            "records": [
              "10.0.2.246"
            ],
            "set_identifier": "",
            "ttl": 300,
            "type": "A",
            "weighted_routing_policy": [],
            "zone_id": "Z045776711OGGC3HCBN7G"
          },
          "sensitive_attributes": [],
          "private": "eyJzY2hlbWFfdmVyc2lvbiI6IjIifQ==",
          "dependencies": [
            "module.dns_dhcp.aws_route53_zone.main",
            "module.ec2_config.aws_instance.instance2",
            "module.network.aws_security_group.main",
            "module.network.aws_subnet.subnet2",
            "module.network.aws_vpc.main",
            "module.ssh_key.aws_key_pair.main",
            "module.ssh_key.terraform_data.key_pair",
            "module.ssh_key.tls_private_key.main"
          ]
        }
      ]
    },
    {
      "module": "module.dns_dhcp",
      "mode": "managed",
      "type": "aws_route53_zone",
      "name": "main",
      "provider": "provider[\"registry.terraform.io/hashicorp/aws\"]",
      "instances": [
        {
          "schema_version": 0,
          "attributes": {
            "arn": "arn:aws:route53:::hostedzone/Z045776711OGGC3HCBN7G",
            "comment": "Managed by Terraform",
            "delegation_set_id": "",
            "force_destroy": false,
            "id": "Z045776711OGGC3HCBN7G",
            "name": "lab13.internal",
            "name_servers": [
              "ns-0.awsdns-00.com.",
              "ns-1024.awsdns-00.org.",
              "ns-1536.awsdns-00.co.uk.",
              "ns-512.awsdns-00.net."
            ],
            "primary_name_server": "ns-0.awsdns-00.com.",
            "tags": null,
            "tags_all": {},
            "vpc": [
              {
                "vpc_id": "vpc-060c62e9e0533f79b",
                "vpc_region": "us-west-2"
              }
            ],
            "zone_id": "Z045776711OGGC3HCBN7G"
          },
          "sensitive_attributes": [],
          "private": "bnVsbA==",
          "dependencies": [
            "module.network.aws_vpc.main"
          ]
        }
      ]
    },
    {
      "module": "module.dns_dhcp",
      "mode": "managed",
      "type": "aws_vpc_dhcp_options",
      "name": "main",
      "provider": "provider[\"registry.terraform.io/hashicorp/aws\"]",
      "instances": [
        {
          "schema_version": 0,
          "attributes": {
            "arn": "arn:aws:ec2:us-west-2:116981797456:dhcp-options/dopt-02ebd153be2989d4d",
            "domain_name": "lab13.internal",
            "domain_name_servers": [
              "AmazonProvidedDNS"
            ],
            "id": "dopt-02ebd153be2989d4d",
            "ipv6_address_preferred_lease_time": "",
            "netbios_name_servers": null,
            "netbios_node_type": "",
            "ntp_servers": null,
            "owner_id": "116981797456",
            "tags": null,
            "tags_all": {}
          },
          "sensitive_attributes": [],
          "private": "bnVsbA=="
        }
      ]
    },
    {
      "module": "module.dns_dhcp",
      "mode": "managed",
      "type": "aws_vpc_dhcp_options_association",
      "name": "main",
      "provider": "provider[\"registry.terraform.io/hashicorp/aws\"]",
      "instances": [
        {
          "schema_version": 0,
          "attributes": {
            "dhcp_options_id": "dopt-02ebd153be2989d4d",
            "id": "dopt-02ebd153be2989d4d-vpc-060c62e9e0533f79b",
            "vpc_id": "vpc-060c62e9e0533f79b"
          },
          "sensitive_attributes": [],
          "private": "bnVsbA==",
          "dependencies": [
            "module.dns_dhcp.aws_vpc_dhcp_options.main",
            "module.network.aws_vpc.main"
          ]
        }
      ]
    },
    {
      "module": "module.ec2_config",
      "mode": "managed",
      "type": "aws_instance",
      "name": "instance1",
      "provider": "provider[\"registry.terraform.io/hashicorp/aws\"]",
      "instances": [
        {
          "schema_version": 1,
          "attributes": {
            "ami": "ami-03839f1dba75bb628",
            "arn": "arn:aws:ec2:us-west-2:116981797456:instance/i-0b1e83abb0a706c14",
            "associate_public_ip_address": true,
            "availability_zone": "us-west-2a",
            "capacity_reservation_specification": [
              {
                "capacity_reservation_preference": "open",
                "capacity_reservation_target": []
              }
            ],
            "cpu_core_count": 1,
            "cpu_options": [
              {
                "amd_sev_snp": "",
                "core_count": 1,
                "threads_per_core": 1
              }
            ],
            "cpu_threads_per_core": 1,
            "credit_specification": [
              {
                "cpu_credits": "standard"
              }
            ],
            "disable_api_stop": false,
            "disable_api_termination": false,
            "ebs_block_device": [],
            "ebs_optimized": false,
            "enclave_options": [
              {
                "enabled": false
              }
            ],
            "ephemeral_block_device": [],
            "get_password_data": false,
            "hibernation": false,
            "host_id": "",
            "host_resource_group_arn": null,
            "iam_instance_profile": "",
            "id": "i-0b1e83abb0a706c14",
            "instance_initiated_shutdown_behavior": "stop",
            "instance_lifecycle": "",
            "instance_market_options": [],
            "instance_state": "running",
            "instance_type": "t2.micro",
            "ipv6_address_count": 0,
            "ipv6_addresses": [],
            "key_name": "acit_4640_lab_13",
            "launch_template": [],
            "maintenance_options": [
              {
                "auto_recovery": "default"
              }
            ],
            "metadata_options": [
              {
                "http_endpoint": "enabled",
                "http_protocol_ipv6": "disabled",
                "http_put_response_hop_limit": 1,
                "http_tokens": "optional",
                "instance_metadata_tags": "disabled"
              }
            ],
            "monitoring": false,
            "network_interface": [],
            "outpost_arn": "",
            "password_data": "",
            "placement_group": "",
            "placement_partition_number": 0,
            "primary_network_interface_id": "eni-0023e979f6e7e8161",
            "private_dns": "ip-10-0-1-254.us-west-2.compute.internal",
            "private_dns_name_options": [
              {
                "enable_resource_name_dns_a_record": false,
                "enable_resource_name_dns_aaaa_record": false,
                "hostname_type": "ip-name"
              }
            ],
            "private_ip": "10.0.1.254",
            "public_dns": "ec2-44-245-6-136.us-west-2.compute.amazonaws.com",
            "public_ip": "44.245.6.136",
            "root_block_device": [
              {
                "delete_on_termination": true,
                "device_name": "/dev/sda1",
                "encrypted": false,
                "iops": 100,
                "kms_key_id": "",
                "tags": {},
                "tags_all": {},
                "throughput": 0,
                "volume_id": "vol-0f6d31957021e6232",
                "volume_size": 8,
                "volume_type": "gp2"
              }
            ],
            "secondary_private_ips": [],
            "security_groups": [
              "sg-02c9310ee90ca9747"
            ],
            "source_dest_check": true,
            "spot_instance_request_id": "",
            "subnet_id": "subnet-01760128e2d31804b",
            "tags": {
              "Name": "lab13_w01",
              "Project": "lab13",
              "Server_Role": "web"
            },
            "tags_all": {
              "Name": "lab13_w01",
              "Project": "lab13",
              "Server_Role": "web"
            },
            "tenancy": "default",
            "timeouts": null,
            "user_data": "8ff3939173aca5dd1930536d22fd7164f0b4b600",
            "user_data_base64": null,
            "user_data_replace_on_change": false,
            "volume_tags": null,
            "vpc_security_group_ids": [
              "sg-02c9310ee90ca9747"
            ]
          },
          "sensitive_attributes": [],
          "private": "eyJlMmJmYjczMC1lY2FhLTExZTYtOGY4OC0zNDM2M2JjN2M0YzAiOnsiY3JlYXRlIjo2MDAwMDAwMDAwMDAsImRlbGV0ZSI6MTIwMDAwMDAwMDAwMCwicmVhZCI6OTAwMDAwMDAwMDAwLCJ1cGRhdGUiOjYwMDAwMDAwMDAwMH0sInNjaGVtYV92ZXJzaW9uIjoiMSJ9",
          "dependencies": [
            "module.network.aws_security_group.main",
            "module.network.aws_subnet.subnet1",
            "module.network.aws_vpc.main",
            "module.ssh_key.aws_key_pair.main",
            "module.ssh_key.terraform_data.key_pair",
            "module.ssh_key.tls_private_key.main"
          ]
        }
      ]
    },
    {
      "module": "module.ec2_config",
      "mode": "managed",
      "type": "aws_instance",
      "name": "instance2",
      "provider": "provider[\"registry.terraform.io/hashicorp/aws\"]",
      "instances": [
        {
          "schema_version": 1,
          "attributes": {
            "ami": "ami-03839f1dba75bb628",
            "arn": "arn:aws:ec2:us-west-2:116981797456:instance/i-04f5c28a017a91d82",
            "associate_public_ip_address": true,
            "availability_zone": "us-west-2b",
            "capacity_reservation_specification": [
              {
                "capacity_reservation_preference": "open",
                "capacity_reservation_target": []
              }
            ],
            "cpu_core_count": 1,
            "cpu_options": [
              {
                "amd_sev_snp": "",
                "core_count": 1,
                "threads_per_core": 1
              }
            ],
            "cpu_threads_per_core": 1,
            "credit_specification": [
              {
                "cpu_credits": "standard"
              }
            ],
            "disable_api_stop": false,
            "disable_api_termination": false,
            "ebs_block_device": [],
            "ebs_optimized": false,
            "enclave_options": [
              {
                "enabled": false
              }
            ],
            "ephemeral_block_device": [],
            "get_password_data": false,
            "hibernation": false,
            "host_id": "",
            "host_resource_group_arn": null,
            "iam_instance_profile": "",
            "id": "i-04f5c28a017a91d82",
            "instance_initiated_shutdown_behavior": "stop",
            "instance_lifecycle": "",
            "instance_market_options": [],
            "instance_state": "running",
            "instance_type": "t2.micro",
            "ipv6_address_count": 0,
            "ipv6_addresses": [],
            "key_name": "acit_4640_lab_13",
            "launch_template": [],
            "maintenance_options": [
              {
                "auto_recovery": "default"
              }
            ],
            "metadata_options": [
              {
                "http_endpoint": "enabled",
                "http_protocol_ipv6": "disabled",
                "http_put_response_hop_limit": 1,
                "http_tokens": "optional",
                "instance_metadata_tags": "disabled"
              }
            ],
            "monitoring": false,
            "network_interface": [],
            "outpost_arn": "",
            "password_data": "",
            "placement_group": "",
            "placement_partition_number": 0,
            "primary_network_interface_id": "eni-055235cfb2127515b",
            "private_dns": "ip-10-0-2-246.us-west-2.compute.internal",
            "private_dns_name_options": [
              {
                "enable_resource_name_dns_a_record": false,
                "enable_resource_name_dns_aaaa_record": false,
                "hostname_type": "ip-name"
              }
            ],
            "private_ip": "10.0.2.246",
            "public_dns": "ec2-35-91-88-199.us-west-2.compute.amazonaws.com",
            "public_ip": "35.91.88.199",
            "root_block_device": [
              {
                "delete_on_termination": true,
                "device_name": "/dev/sda1",
                "encrypted": false,
                "iops": 100,
                "kms_key_id": "",
                "tags": {},
                "tags_all": {},
                "throughput": 0,
                "volume_id": "vol-08176d81c1083d4d8",
                "volume_size": 8,
                "volume_type": "gp2"
              }
            ],
            "secondary_private_ips": [],
            "security_groups": [
              "sg-02c9310ee90ca9747"
            ],
            "source_dest_check": true,
            "spot_instance_request_id": "",
            "subnet_id": "subnet-0923a068835e30c9a",
            "tags": {
              "Name": "lab13_b01",
              "Project": "lab13",
              "Server_Role": "backend"
            },
            "tags_all": {
              "Name": "lab13_b01",
              "Project": "lab13",
              "Server_Role": "backend"
            },
            "tenancy": "default",
            "timeouts": null,
            "user_data": "2e59a6fe8bf6f2a0a26024f739841ffc5e8b2c82",
            "user_data_base64": null,
            "user_data_replace_on_change": false,
            "volume_tags": null,
            "vpc_security_group_ids": [
              "sg-02c9310ee90ca9747"
            ]
          },
          "sensitive_attributes": [],
          "private": "eyJlMmJmYjczMC1lY2FhLTExZTYtOGY4OC0zNDM2M2JjN2M0YzAiOnsiY3JlYXRlIjo2MDAwMDAwMDAwMDAsImRlbGV0ZSI6MTIwMDAwMDAwMDAwMCwicmVhZCI6OTAwMDAwMDAwMDAwLCJ1cGRhdGUiOjYwMDAwMDAwMDAwMH0sInNjaGVtYV92ZXJzaW9uIjoiMSJ9",
          "dependencies": [
            "module.network.aws_security_group.main",
            "module.network.aws_subnet.subnet2",
            "module.network.aws_vpc.main",
            "module.ssh_key.aws_key_pair.main",
            "module.ssh_key.terraform_data.key_pair",
            "module.ssh_key.tls_private_key.main"
          ]
        }
      ]
    },
    {
      "module": "module.network",
      "mode": "managed",
      "type": "aws_internet_gateway",
      "name": "main",
      "provider": "provider[\"registry.terraform.io/hashicorp/aws\"]",
      "instances": [
        {
          "schema_version": 0,
          "attributes": {
            "arn": "arn:aws:ec2:us-west-2:116981797456:internet-gateway/igw-014f7e3562f2d0ad1",
            "id": "igw-014f7e3562f2d0ad1",
            "owner_id": "116981797456",
            "tags": null,
            "tags_all": {},
            "timeouts": null,
            "vpc_id": "vpc-060c62e9e0533f79b"
          },
          "sensitive_attributes": [],
          "private": "eyJlMmJmYjczMC1lY2FhLTExZTYtOGY4OC0zNDM2M2JjN2M0YzAiOnsiY3JlYXRlIjoxMjAwMDAwMDAwMDAwLCJkZWxldGUiOjEyMDAwMDAwMDAwMDAsInVwZGF0ZSI6MTIwMDAwMDAwMDAwMH19",
          "dependencies": [
            "module.network.aws_vpc.main"
          ]
        }
      ]
    },
    {
      "module": "module.network",
      "mode": "managed",
      "type": "aws_route_table",
      "name": "main",
      "provider": "provider[\"registry.terraform.io/hashicorp/aws\"]",
      "instances": [
        {
          "schema_version": 0,
          "attributes": {
            "arn": "arn:aws:ec2:us-west-2:116981797456:route-table/rtb-0160aec404909705f",
            "id": "rtb-0160aec404909705f",
            "owner_id": "116981797456",
            "propagating_vgws": [],
            "route": [
              {
                "carrier_gateway_id": "",
                "cidr_block": "0.0.0.0/0",
                "core_network_arn": "",
                "destination_prefix_list_id": "",
                "egress_only_gateway_id": "",
                "gateway_id": "igw-014f7e3562f2d0ad1",
                "ipv6_cidr_block": "",
                "local_gateway_id": "",
                "nat_gateway_id": "",
                "network_interface_id": "",
                "transit_gateway_id": "",
                "vpc_endpoint_id": "",
                "vpc_peering_connection_id": ""
              }
            ],
            "tags": null,
            "tags_all": {},
            "timeouts": null,
            "vpc_id": "vpc-060c62e9e0533f79b"
          },
          "sensitive_attributes": [],
          "private": "eyJlMmJmYjczMC1lY2FhLTExZTYtOGY4OC0zNDM2M2JjN2M0YzAiOnsiY3JlYXRlIjozMDAwMDAwMDAwMDAsImRlbGV0ZSI6MzAwMDAwMDAwMDAwLCJ1cGRhdGUiOjEyMDAwMDAwMDAwMH19",
          "dependencies": [
            "module.network.aws_internet_gateway.main",
            "module.network.aws_vpc.main"
          ]
        }
      ]
    },
    {
      "module": "module.network",
      "mode": "managed",
      "type": "aws_route_table_association",
      "name": "subnet1",
      "provider": "provider[\"registry.terraform.io/hashicorp/aws\"]",
      "instances": [
        {
          "schema_version": 0,
          "attributes": {
            "gateway_id": "",
            "id": "rtbassoc-068804addb98fc565",
            "route_table_id": "rtb-0160aec404909705f",
            "subnet_id": "subnet-01760128e2d31804b",
            "timeouts": null
          },
          "sensitive_attributes": [],
          "private": "eyJlMmJmYjczMC1lY2FhLTExZTYtOGY4OC0zNDM2M2JjN2M0YzAiOnsiY3JlYXRlIjozMDAwMDAwMDAwMDAsImRlbGV0ZSI6MzAwMDAwMDAwMDAwLCJ1cGRhdGUiOjEyMDAwMDAwMDAwMH19",
          "dependencies": [
            "module.network.aws_internet_gateway.main",
            "module.network.aws_route_table.main",
            "module.network.aws_subnet.subnet1",
            "module.network.aws_vpc.main"
          ]
        }
      ]
    },
    {
      "module": "module.network",
      "mode": "managed",
      "type": "aws_route_table_association",
      "name": "subnet2",
      "provider": "provider[\"registry.terraform.io/hashicorp/aws\"]",
      "instances": [
        {
          "schema_version": 0,
          "attributes": {
            "gateway_id": "",
            "id": "rtbassoc-09f5e99d28b8f713f",
            "route_table_id": "rtb-0160aec404909705f",
            "subnet_id": "subnet-0923a068835e30c9a",
            "timeouts": null
          },
          "sensitive_attributes": [],
          "private": "eyJlMmJmYjczMC1lY2FhLTExZTYtOGY4OC0zNDM2M2JjN2M0YzAiOnsiY3JlYXRlIjozMDAwMDAwMDAwMDAsImRlbGV0ZSI6MzAwMDAwMDAwMDAwLCJ1cGRhdGUiOjEyMDAwMDAwMDAwMH19",
          "dependencies": [
            "module.network.aws_internet_gateway.main",
            "module.network.aws_route_table.main",
            "module.network.aws_subnet.subnet2",
            "module.network.aws_vpc.main"
          ]
        }
      ]
    },
    {
      "module": "module.network",
      "mode": "managed",
      "type": "aws_security_group",
      "name": "main",
      "provider": "provider[\"registry.terraform.io/hashicorp/aws\"]",
      "instances": [
        {
          "schema_version": 1,
          "attributes": {
            "arn": "arn:aws:ec2:us-west-2:116981797456:security-group/sg-02c9310ee90ca9747",
            "description": "Allow ssh access",
            "egress": [],
            "id": "sg-02c9310ee90ca9747",
            "ingress": [],
            "name": "main",
            "name_prefix": "",
            "owner_id": "116981797456",
            "revoke_rules_on_delete": false,
            "tags": null,
            "tags_all": {},
            "timeouts": null,
            "vpc_id": "vpc-060c62e9e0533f79b"
          },
          "sensitive_attributes": [],
          "private": "eyJlMmJmYjczMC1lY2FhLTExZTYtOGY4OC0zNDM2M2JjN2M0YzAiOnsiY3JlYXRlIjo2MDAwMDAwMDAwMDAsImRlbGV0ZSI6OTAwMDAwMDAwMDAwfSwic2NoZW1hX3ZlcnNpb24iOiIxIn0=",
          "dependencies": [
            "module.network.aws_vpc.main"
          ]
        }
      ]
    },
    {
      "module": "module.network",
      "mode": "managed",
      "type": "aws_subnet",
      "name": "subnet1",
      "provider": "provider[\"registry.terraform.io/hashicorp/aws\"]",
      "instances": [
        {
          "schema_version": 1,
          "attributes": {
            "arn": "arn:aws:ec2:us-west-2:116981797456:subnet/subnet-01760128e2d31804b",
            "assign_ipv6_address_on_creation": false,
            "availability_zone": "us-west-2a",
            "availability_zone_id": "usw2-az2",
            "cidr_block": "10.0.1.0/24",
            "customer_owned_ipv4_pool": "",
            "enable_dns64": false,
            "enable_lni_at_device_index": 0,
            "enable_resource_name_dns_a_record_on_launch": false,
            "enable_resource_name_dns_aaaa_record_on_launch": false,
            "id": "subnet-01760128e2d31804b",
            "ipv6_cidr_block": "",
            "ipv6_cidr_block_association_id": "",
            "ipv6_native": false,
            "map_customer_owned_ip_on_launch": false,
            "map_public_ip_on_launch": true,
            "outpost_arn": "",
            "owner_id": "116981797456",
            "private_dns_hostname_type_on_launch": "ip-name",
            "tags": null,
            "tags_all": {},
            "timeouts": null,
            "vpc_id": "vpc-060c62e9e0533f79b"
          },
          "sensitive_attributes": [],
          "private": "eyJlMmJmYjczMC1lY2FhLTExZTYtOGY4OC0zNDM2M2JjN2M0YzAiOnsiY3JlYXRlIjo2MDAwMDAwMDAwMDAsImRlbGV0ZSI6MTIwMDAwMDAwMDAwMH0sInNjaGVtYV92ZXJzaW9uIjoiMSJ9",
          "dependencies": [
            "module.network.aws_vpc.main"
          ]
        }
      ]
    },
    {
      "module": "module.network",
      "mode": "managed",
      "type": "aws_subnet",
      "name": "subnet2",
      "provider": "provider[\"registry.terraform.io/hashicorp/aws\"]",
      "instances": [
        {
          "schema_version": 1,
          "attributes": {
            "arn": "arn:aws:ec2:us-west-2:116981797456:subnet/subnet-0923a068835e30c9a",
            "assign_ipv6_address_on_creation": false,
            "availability_zone": "us-west-2b",
            "availability_zone_id": "usw2-az1",
            "cidr_block": "10.0.2.0/24",
            "customer_owned_ipv4_pool": "",
            "enable_dns64": false,
            "enable_lni_at_device_index": 0,
            "enable_resource_name_dns_a_record_on_launch": false,
            "enable_resource_name_dns_aaaa_record_on_launch": false,
            "id": "subnet-0923a068835e30c9a",
            "ipv6_cidr_block": "",
            "ipv6_cidr_block_association_id": "",
            "ipv6_native": false,
            "map_customer_owned_ip_on_launch": false,
            "map_public_ip_on_launch": true,
            "outpost_arn": "",
            "owner_id": "116981797456",
            "private_dns_hostname_type_on_launch": "ip-name",
            "tags": null,
            "tags_all": {},
            "timeouts": null,
            "vpc_id": "vpc-060c62e9e0533f79b"
          },
          "sensitive_attributes": [],
          "private": "eyJlMmJmYjczMC1lY2FhLTExZTYtOGY4OC0zNDM2M2JjN2M0YzAiOnsiY3JlYXRlIjo2MDAwMDAwMDAwMDAsImRlbGV0ZSI6MTIwMDAwMDAwMDAwMH0sInNjaGVtYV92ZXJzaW9uIjoiMSJ9",
          "dependencies": [
            "module.network.aws_vpc.main"
          ]
        }
      ]
    },
    {
      "module": "module.network",
      "mode": "managed",
      "type": "aws_vpc",
      "name": "main",
      "provider": "provider[\"registry.terraform.io/hashicorp/aws\"]",
      "instances": [
        {
          "schema_version": 1,
          "attributes": {
            "arn": "arn:aws:ec2:us-west-2:116981797456:vpc/vpc-060c62e9e0533f79b",
            "assign_generated_ipv6_cidr_block": false,
            "cidr_block": "10.0.0.0/16",
            "default_network_acl_id": "acl-0e67faafe073d3958",
            "default_route_table_id": "rtb-00fb223b03d59faa4",
            "default_security_group_id": "sg-04c811534b407d098",
            "dhcp_options_id": "dopt-0b95e7f2199c72d4e",
            "enable_dns_hostnames": true,
            "enable_dns_support": true,
            "enable_network_address_usage_metrics": false,
            "id": "vpc-060c62e9e0533f79b",
            "instance_tenancy": "default",
            "ipv4_ipam_pool_id": null,
            "ipv4_netmask_length": null,
            "ipv6_association_id": "",
            "ipv6_cidr_block": "",
            "ipv6_cidr_block_network_border_group": "",
            "ipv6_ipam_pool_id": "",
            "ipv6_netmask_length": 0,
            "main_route_table_id": "rtb-00fb223b03d59faa4",
            "owner_id": "116981797456",
            "tags": null,
            "tags_all": {}
          },
          "sensitive_attributes": [],
          "private": "eyJzY2hlbWFfdmVyc2lvbiI6IjEifQ=="
        }
      ]
    },
    {
      "module": "module.network",
      "mode": "managed",
      "type": "aws_vpc_security_group_egress_rule",
      "name": "main",
      "provider": "provider[\"registry.terraform.io/hashicorp/aws\"]",
      "instances": [
        {
          "schema_version": 0,
          "attributes": {
            "arn": "arn:aws:ec2:us-west-2:116981797456:security-group-rule/sgr-0d75567b7fececef4",
            "cidr_ipv4": "0.0.0.0/0",
            "cidr_ipv6": null,
            "description": null,
            "from_port": null,
            "id": "sgr-0d75567b7fececef4",
            "ip_protocol": "-1",
            "prefix_list_id": null,
            "referenced_security_group_id": null,
            "security_group_id": "sg-02c9310ee90ca9747",
            "security_group_rule_id": "sgr-0d75567b7fececef4",
            "tags": {
              "Name": "main"
            },
            "tags_all": {
              "Name": "main"
            },
            "to_port": null
          },
          "sensitive_attributes": [],
          "dependencies": [
            "module.network.aws_security_group.main",
            "module.network.aws_vpc.main"
          ]
        }
      ]
    },
    {
      "module": "module.network",
      "mode": "managed",
      "type": "aws_vpc_security_group_ingress_rule",
      "name": "inside",
      "provider": "provider[\"registry.terraform.io/hashicorp/aws\"]",
      "instances": [
        {
          "schema_version": 0,
          "attributes": {
            "arn": "arn:aws:ec2:us-west-2:116981797456:security-group-rule/sgr-01b7adf5a75ee1b3f",
            "cidr_ipv4": "10.0.0.0/16",
            "cidr_ipv6": null,
            "description": null,
            "from_port": null,
            "id": "sgr-01b7adf5a75ee1b3f",
            "ip_protocol": "-1",
            "prefix_list_id": null,
            "referenced_security_group_id": null,
            "security_group_id": "sg-02c9310ee90ca9747",
            "security_group_rule_id": "sgr-01b7adf5a75ee1b3f",
            "tags": {
              "Name": "main"
            },
            "tags_all": {
              "Name": "main"
            },
            "to_port": null
          },
          "sensitive_attributes": [],
          "dependencies": [
            "module.network.aws_security_group.main",
            "module.network.aws_vpc.main"
          ]
        }
      ]
    },
    {
      "module": "module.network",
      "mode": "managed",
      "type": "aws_vpc_security_group_ingress_rule",
      "name": "outside",
      "provider": "provider[\"registry.terraform.io/hashicorp/aws\"]",
      "instances": [
        {
          "schema_version": 0,
          "attributes": {
            "arn": "arn:aws:ec2:us-west-2:116981797456:security-group-rule/sgr-03784cb0336b3cacb",
            "cidr_ipv4": "0.0.0.0/0",
            "cidr_ipv6": null,
            "description": null,
            "from_port": 22,
            "id": "sgr-03784cb0336b3cacb",
            "ip_protocol": "tcp",
            "prefix_list_id": null,
            "referenced_security_group_id": null,
            "security_group_id": "sg-02c9310ee90ca9747",
            "security_group_rule_id": "sgr-03784cb0336b3cacb",
            "tags": {
              "Name": "main"
            },
            "tags_all": {
              "Name": "main"
            },
            "to_port": 22
          },
          "sensitive_attributes": [],
          "dependencies": [
            "module.network.aws_security_group.main",
            "module.network.aws_vpc.main"
          ]
        }
      ]
    },
    {
      "module": "module.ssh_key",
      "mode": "managed",
      "type": "aws_key_pair",
      "name": "main",
      "provider": "provider[\"registry.terraform.io/hashicorp/aws\"]",
      "instances": [
        {
          "schema_version": 1,
          "attributes": {
            "arn": "arn:aws:ec2:us-west-2:116981797456:key-pair/acit_4640_lab_13",
            "fingerprint": "Lgjhcp1HHjDvqfTZhUbqRYpq6Tqlx7UaghZHJj2RkVo=",
            "id": "acit_4640_lab_13",
            "key_name": "acit_4640_lab_13",
            "key_name_prefix": "",
            "key_pair_id": "key-04495c3bd9152dc0c",
            "key_type": "ed25519",
            "public_key": "ssh-ed25519 AAAAC3NzaC1lZDI1NTE5AAAAIOhdXUpotkDQ6t6Cmn04KeEXsbmP10HRzaUGcEnCz+xE",
            "tags": null,
            "tags_all": {}
          },
          "sensitive_attributes": [],
          "private": "eyJzY2hlbWFfdmVyc2lvbiI6IjEifQ==",
          "dependencies": [
            "module.ssh_key.tls_private_key.main"
          ]
        }
      ]
    },
    {
      "module": "module.ssh_key",
      "mode": "managed",
      "type": "terraform_data",
      "name": "key_pair",
      "provider": "provider[\"terraform.io/builtin/terraform\"]",
      "instances": [
        {
          "schema_version": 0,
          "attributes": {
            "id": "7dfd1221-5b27-c873-fea0-995bceb6b7eb",
            "input": {
              "value": {
                "key_name": "acit_4640_lab_13",
                "output_dir": "."
              },
              "type": [
                "object",
                {
                  "key_name": "string",
                  "output_dir": "string"
                }
              ]
            },
            "output": {
              "value": {
                "key_name": "acit_4640_lab_13",
                "output_dir": "."
              },
              "type": [
                "object",
                {
                  "key_name": "string",
                  "output_dir": "string"
                }
              ]
            },
            "triggers_replace": null
          },
          "sensitive_attributes": []
        }
      ]
    },
    {
      "module": "module.ssh_key",
      "mode": "managed",
      "type": "tls_private_key",
      "name": "main",
      "provider": "provider[\"registry.terraform.io/hashicorp/tls\"]",
      "instances": [
        {
          "schema_version": 1,
          "attributes": {
            "algorithm": "ED25519",
            "ecdsa_curve": "P224",
            "id": "6601995fd1263cb0e1161b953c0bba0b02b3e30c",
            "private_key_openssh": "-----BEGIN OPENSSH PRIVATE KEY-----\nb3BlbnNzaC1rZXktdjEAAAAABG5vbmUAAAAEbm9uZQAAAAAAAAABAAAAMwAAAAtz\nc2gtZWQyNTUxOQAAACDoXV1KaLZA0Oregpp9OCnhF7G5j9dB0c2lBnBJws/sRAAA\nAIgAZ5RGAGeURgAAAAtzc2gtZWQyNTUxOQAAACDoXV1KaLZA0Oregpp9OCnhF7G5\nj9dB0c2lBnBJws/sRAAAAEDdqxb2F9HSHFMFhq/4yWFbkeffRucqPTImyOf5N2C3\n4+hdXUpotkDQ6t6Cmn04KeEXsbmP10HRzaUGcEnCz+xEAAAAAAECAwQF\n-----END OPENSSH PRIVATE KEY-----\n",
            "private_key_pem": "-----BEGIN PRIVATE KEY-----\nMC4CAQAwBQYDK2VwBCIEIN2rFvYX0dIcUwWGr/jJYVuR599G5yo9MibI5/k3YLfj\n-----END PRIVATE KEY-----\n",
            "private_key_pem_pkcs8": "-----BEGIN PRIVATE KEY-----\nMC4CAQAwBQYDK2VwBCIEIN2rFvYX0dIcUwWGr/jJYVuR599G5yo9MibI5/k3YLfj\n-----END PRIVATE KEY-----\n",
            "public_key_fingerprint_md5": "d0:37:e9:f7:ab:4d:ec:2c:eb:85:bc:2e:fd:ac:b5:c1",
            "public_key_fingerprint_sha256": "SHA256:Lgjhcp1HHjDvqfTZhUbqRYpq6Tqlx7UaghZHJj2RkVo",
            "public_key_openssh": "ssh-ed25519 AAAAC3NzaC1lZDI1NTE5AAAAIOhdXUpotkDQ6t6Cmn04KeEXsbmP10HRzaUGcEnCz+xE\n",
            "public_key_pem": "-----BEGIN PUBLIC KEY-----\nMCowBQYDK2VwAyEA6F1dSmi2QNDq3oKafTgp4RexuY/XQdHNpQZwScLP7EQ=\n-----END PUBLIC KEY-----\n",
            "rsa_bits": 2048
          },
          "sensitive_attributes": [
            [
              {
                "type": "get_attr",
                "value": "private_key_pem_pkcs8"
              }
            ],
            [
              {
                "type": "get_attr",
                "value": "private_key_pem"
              }
            ],
            [
              {
                "type": "get_attr",
                "value": "private_key_openssh"
              }
            ]
          ]
        }
      ]
    }
  ],
  "check_results": null
}
